# THIS IS AN AUTOGENERATED FILE. DO NOT EDIT THIS FILE DIRECTLY.
# yarn lockfile v1


ccxt@^1.18.1205:
  version "1.18.1205"
  resolved "https://registry.yarnpkg.com/ccxt/-/ccxt-1.18.1205.tgz#7ff39f83cd428b92502d57c85dbce92bb97a0027"
  integrity sha512-ivQqGW0SilBtcWpObsa+AGZUbe2ADwkd2tU4tSRDSr/WjP26CIkETYYmrkirA2RF+61hJFZcuiVkR8x74a2nVQ==
